
Microsoft Visual Studio Solution File, Format Version 12.00
# Visual Studio Version 17
VisualStudioVersion = 17.13.35605.110 d17.13
MinimumVisualStudioVersion = 10.0.40219.1
Project("{FAE04EC0-301F-11D3-BF4B-00C04F79EFBC}") = "CatAPI", "CatAPI.csproj", "{E25941C0-7388-0410-F267-7F508890381E}"
EndProject
Global
	GlobalSection(SolutionConfigurationPlatforms) = preSolution
		Debug|Any CPU = Debug|Any CPU
		Release|Any CPU = Release|Any CPU
	EndGlobalSection
	GlobalSection(ProjectConfigurationPlatforms) = postSolution
		{E25941C0-7388-0410-F267-7F508890381E}.Debug|Any CPU.ActiveCfg = Debug|Any CPU
		{E25941C0-7388-0410-F267-7F508890381E}.Debug|Any CPU.Build.0 = Debug|Any CPU
		{E25941C0-7388-0410-F267-7F508890381E}.Release|Any CPU.ActiveCfg = Release|Any CPU
		{E25941C0-7388-0410-F267-7F508890381E}.Release|Any CPU.Build.0 = Release|Any CPU
	EndGlobalSection
	GlobalSection(SolutionProperties) = preSolution
		HideSolutionNode = FALSE
	EndGlobalSection
	GlobalSection(ExtensibilityGlobals) = postSolution
		SolutionGuid = {B35FB4EC-FA21-4650-8E0A-03412F8A9665}
	EndGlobalSection
EndGlobal
